{
  "name": "evie",
  "version": "1.0.0",
  "lockfileVersion": 3,
  "requires": true,
  "packages": {
    "": {
      "name": "evie",
      "version": "1.0.0",
      "dependencies": {
        "evie": "file:"
      },
      "engines": {
        "vscode": "^1.94.0"
      }
    },
    "node_modules/evie": {
      "resolved": "",
      "link": true
    }
  }
}
